
Microsoft Visual Studio Solution File, Format Version 12.00
# Visual Studio Version 17
VisualStudioVersion = 17.4.33103.184
MinimumVisualStudioVersion = 10.0.40219.1
Project("{9A19103F-16F7-4668-BE54-9A1E7A4F7556}") = "SignalPlot", "SignalPlot\SignalPlot.csproj", "{46A56F43-C7C1-4CC8-A0AE-2873CBF05AAC}"
EndProject
Project("{9A19103F-16F7-4668-BE54-9A1E7A4F7556}") = "PitchDetector", "PitchDetector\PitchDetector.csproj", "{99795A18-0D3D-429D-A3D1-AD2F3358C8FC}"
EndProject
Project("{9A19103F-16F7-4668-BE54-9A1E7A4F7556}") = "DAW", "DAW\DAW.csproj", "{98B1AC56-7E98-41B4-B2C4-BC9FEED37D84}"
EndProject
Global
	GlobalSection(SolutionConfigurationPlatforms) = preSolution
		Debug|Any CPU = Debug|Any CPU
		Release|Any CPU = Release|Any CPU
	EndGlobalSection
	GlobalSection(ProjectConfigurationPlatforms) = postSolution
		{46A56F43-C7C1-4CC8-A0AE-2873CBF05AAC}.Debug|Any CPU.ActiveCfg = Debug|Any CPU
		{46A56F43-C7C1-4CC8-A0AE-2873CBF05AAC}.Debug|Any CPU.Build.0 = Debug|Any CPU
		{46A56F43-C7C1-4CC8-A0AE-2873CBF05AAC}.Release|Any CPU.ActiveCfg = Release|Any CPU
		{46A56F43-C7C1-4CC8-A0AE-2873CBF05AAC}.Release|Any CPU.Build.0 = Release|Any CPU
		{99795A18-0D3D-429D-A3D1-AD2F3358C8FC}.Debug|Any CPU.ActiveCfg = Debug|Any CPU
		{99795A18-0D3D-429D-A3D1-AD2F3358C8FC}.Debug|Any CPU.Build.0 = Debug|Any CPU
		{99795A18-0D3D-429D-A3D1-AD2F3358C8FC}.Release|Any CPU.ActiveCfg = Release|Any CPU
		{99795A18-0D3D-429D-A3D1-AD2F3358C8FC}.Release|Any CPU.Build.0 = Release|Any CPU
		{98B1AC56-7E98-41B4-B2C4-BC9FEED37D84}.Debug|Any CPU.ActiveCfg = Debug|Any CPU
		{98B1AC56-7E98-41B4-B2C4-BC9FEED37D84}.Debug|Any CPU.Build.0 = Debug|Any CPU
		{98B1AC56-7E98-41B4-B2C4-BC9FEED37D84}.Release|Any CPU.ActiveCfg = Release|Any CPU
		{98B1AC56-7E98-41B4-B2C4-BC9FEED37D84}.Release|Any CPU.Build.0 = Release|Any CPU
	EndGlobalSection
	GlobalSection(SolutionProperties) = preSolution
		HideSolutionNode = FALSE
	EndGlobalSection
	GlobalSection(ExtensibilityGlobals) = postSolution
		SolutionGuid = {DF6983B5-94DE-47AD-9FA9-2B4866BA5389}
	EndGlobalSection
EndGlobal
